{
	"name": "haxe-tmLanguage",
	"requires": true,
	"lockfileVersion": 1,
	"dependencies": {
		"nan": {
			"version": "2.10.0",
			"resolved": "https://registry.npmjs.org/nan/-/nan-2.10.0.tgz",
			"integrity": "sha512-bAdJv7fBLhWC+/Bls0Oza+mvTaNQtP+1RyhhhvD95pgUJz6XM5IzgmxOkItJ9tkoCiplvAnXI1tNmmUD/eScyA==",
			"dev": true
		},
		"oniguruma": {
			"version": "7.0.0",
			"resolved": "https://registry.npmjs.org/oniguruma/-/oniguruma-7.0.0.tgz",
			"integrity": "sha512-VcMkJvwl3rycLzgh5yhefMEGlSfMEuxnhwmMus/UCqAKlOdzE0Z46exkgLfe6ISX4XuLbqWvSXvkK26eJ/2jIw==",
			"dev": true,
			"requires": {
				"nan": "2.10.0"
			}
		},
		"vscode-textmate": {
			"version": "4.0.1",
			"resolved": "https://registry.npmjs.org/vscode-textmate/-/vscode-textmate-4.0.1.tgz",
			"integrity": "sha512-gHTXTj04TUgbjB8y7pkVwxOiuCuD6aU5gnFzIByQuqdgFpe/bJaaEIS4geGjbjWbd1XJh6zG1EthLfpNaXEqUw==",
			"dev": true,
			"requires": {
				"oniguruma": "7.0.0"
			}
		}
	}
}
