{
	"name": "haxe-tm-language",
	"requires": true,
	"lockfileVersion": 1,
	"dependencies": {
		"lix": {
			"version": "15.6.0-alpha.4",
			"resolved": "https://registry.npmjs.org/lix/-/lix-15.6.0-alpha.4.tgz",
			"integrity": "sha512-RxJ8qs9Oc+coniDEZa/7mvmxlIcYYa7kzUqrmvLSmgljAWrWtHLQd+LmSbhv0gWfdhQzvZxLr84R1gHZBOUPdQ==",
			"dev": true
		},
		"nan": {
			"version": "2.14.0",
			"resolved": "https://registry.npmjs.org/nan/-/nan-2.14.0.tgz",
			"integrity": "sha512-INOFj37C7k3AfaNTtX8RhsTw7qRy7eLET14cROi9+5HAVbbHuIWUHEauBv5qT4Av2tWasiTY1Jw6puUNqRJXQg==",
			"dev": true
		},
		"oniguruma": {
			"version": "7.2.1",
			"resolved": "https://registry.npmjs.org/oniguruma/-/oniguruma-7.2.1.tgz",
			"integrity": "sha512-WPS/e1uzhswPtJSe+Zls/kAj27+lEqZjCmRSjnYk/Z4L2Mu+lJC2JWtkZhPJe4kZeTQfz7ClcLyXlI4J68MG2w==",
			"dev": true,
			"requires": {
				"nan": "^2.14.0"
			}
		},
		"vscode-textmate": {
			"version": "4.4.0",
			"resolved": "https://registry.npmjs.org/vscode-textmate/-/vscode-textmate-4.4.0.tgz",
			"integrity": "sha512-dFpm2eK0HwEjeFSD1DDh3j0q47bDSVuZt20RiJWxGqjtm73Wu2jip3C2KaZI3dQx/fSeeXCr/uEN4LNaNj7Ytw==",
			"dev": true,
			"requires": {
				"oniguruma": "^7.2.0"
			}
		}
	}
}
