{
    "name": "haxe-tmLanguage",
    "requires": true,
    "lockfileVersion": 1,
    "dependencies": {
        "fast-plist": {
            "version": "0.1.2",
            "resolved": "https://registry.npmjs.org/fast-plist/-/fast-plist-0.1.2.tgz",
            "integrity": "sha1-pFr/NFGWAG1AbKbNzQX2kFHvNbg=",
            "dev": true
        },
        "nan": {
            "version": "2.10.0",
            "resolved": "https://registry.npmjs.org/nan/-/nan-2.10.0.tgz",
            "integrity": "sha512-bAdJv7fBLhWC+/Bls0Oza+mvTaNQtP+1RyhhhvD95pgUJz6XM5IzgmxOkItJ9tkoCiplvAnXI1tNmmUD/eScyA==",
            "dev": true
        },
        "oniguruma": {
            "version": "6.2.1",
            "resolved": "https://registry.npmjs.org/oniguruma/-/oniguruma-6.2.1.tgz",
            "integrity": "sha1-pQ7mlkKEStHSUmhaqxhxcbBuzgQ=",
            "dev": true,
            "requires": {
                "nan": "2.10.0"
            }
        },
        "vscode-textmate": {
            "version": "3.3.3",
            "resolved": "https://registry.npmjs.org/vscode-textmate/-/vscode-textmate-3.3.3.tgz",
            "integrity": "sha512-nOYGc99fRUW+SsLumP6H5tq9CZ/sceId2TQakvBXcTcYeUdpPq2tCF8p8IzSewdaK1WpdrAEyx6oiEMHLySuwQ==",
            "dev": true,
            "requires": {
                "fast-plist": "0.1.2",
                "oniguruma": "6.2.1"
            }
        }
    }
}
